
Microsoft Visual Studio Solution File, Format Version 12.00
# Visual Studio Version 17
VisualStudioVersion = 17.6.33829.357
MinimumVisualStudioVersion = 10.0.40219.1
Project("{9A19103F-16F7-4668-BE54-9A1E7A4F7556}") = "ToDoFinal", "ToDoFinal\ToDoFinal.csproj", "{AA25E450-9406-483C-A6FB-7E7EE55098FE}"
EndProject
Project("{FAE04EC0-301F-11D3-BF4B-00C04F79EFBC}") = "ToDoFinal_NunitTest", "ToDoFinal_NunitTest\ToDoFinal_NunitTest.csproj", "{F3085DF3-785A-4CFE-96FF-AA6B08F3CB35}"
EndProject
Global
	GlobalSection(SolutionConfigurationPlatforms) = preSolution
		Debug|Any CPU = Debug|Any CPU
		Release|Any CPU = Release|Any CPU
	EndGlobalSection
	GlobalSection(ProjectConfigurationPlatforms) = postSolution
		{AA25E450-9406-483C-A6FB-7E7EE55098FE}.Debug|Any CPU.ActiveCfg = Debug|Any CPU
		{AA25E450-9406-483C-A6FB-7E7EE55098FE}.Debug|Any CPU.Build.0 = Debug|Any CPU
		{AA25E450-9406-483C-A6FB-7E7EE55098FE}.Release|Any CPU.ActiveCfg = Release|Any CPU
		{AA25E450-9406-483C-A6FB-7E7EE55098FE}.Release|Any CPU.Build.0 = Release|Any CPU
		{F3085DF3-785A-4CFE-96FF-AA6B08F3CB35}.Debug|Any CPU.ActiveCfg = Debug|Any CPU
		{F3085DF3-785A-4CFE-96FF-AA6B08F3CB35}.Debug|Any CPU.Build.0 = Debug|Any CPU
		{F3085DF3-785A-4CFE-96FF-AA6B08F3CB35}.Release|Any CPU.ActiveCfg = Release|Any CPU
		{F3085DF3-785A-4CFE-96FF-AA6B08F3CB35}.Release|Any CPU.Build.0 = Release|Any CPU
	EndGlobalSection
	GlobalSection(SolutionProperties) = preSolution
		HideSolutionNode = FALSE
	EndGlobalSection
	GlobalSection(ExtensibilityGlobals) = postSolution
		SolutionGuid = {1214F42F-48CD-4857-8DAF-F375F2BE4FBF}
	EndGlobalSection
EndGlobal
